// !$*UTF8*$!
{
	archiveVersion = 1;
	classes = {
	};
	objectVersion = 46;
	objects = {

/* Begin PBXBuildFile section */
		1830B3739C2F55DA8E388E1B /* Pods_twitter_apiTests.framework in Frameworks */ = {isa = PBXBuildFile; fileRef = CE416C8BC0CCEF9FD47B4F38 /* Pods_twitter_apiTests.framework */; };
		3DAF9556B2E53F58B216A501 /* Pods_twitter_apiUITests.framework in Frameworks */ = {isa = PBXBuildFile; fileRef = 62B41C8BCC4C92002F87940C /* Pods_twitter_apiUITests.framework */; };
		82BABDD45A007B951C31B817 /* Pods_twitter_api.framework in Frameworks */ = {isa = PBXBuildFile; fileRef = 498B766437FFEED28D293978 /* Pods_twitter_api.framework */; };
		FAF4275A20EA53C500190DB1 /* SafariServices.framework in Frameworks */ = {isa = PBXBuildFile; fileRef = FAF4275920EA53C500190DB1 /* SafariServices.framework */; };
		FAF5843720EA30DC00926042 /* AppDelegate.swift in Sources */ = {isa = PBXBuildFile; fileRef = FAF5843620EA30DC00926042 /* AppDelegate.swift */; };
		FAF5843C20EA30DC00926042 /* Main.storyboard in Resources */ = {isa = PBXBuildFile; fileRef = FAF5843A20EA30DC00926042 /* Main.storyboard */; };
		FAF5843E20EA30DC00926042 /* Assets.xcassets in Resources */ = {isa = PBXBuildFile; fileRef = FAF5843D20EA30DC00926042 /* Assets.xcassets */; };
		FAF5844120EA30DC00926042 /* LaunchScreen.storyboard in Resources */ = {isa = PBXBuildFile; fileRef = FAF5843F20EA30DC00926042 /* LaunchScreen.storyboard */; };
		FAF5844C20EA30DC00926042 /* twitter_apiTests.swift in Sources */ = {isa = PBXBuildFile; fileRef = FAF5844B20EA30DC00926042 /* twitter_apiTests.swift */; };
		FAF5845720EA30DC00926042 /* twitter_apiUITests.swift in Sources */ = {isa = PBXBuildFile; fileRef = FAF5845620EA30DC00926042 /* twitter_apiUITests.swift */; };
		FAF5846920EA35E700926042 /* MainLoginPresenter.swift in Sources */ = {isa = PBXBuildFile; fileRef = FAF5846820EA35E700926042 /* MainLoginPresenter.swift */; };
		FAF5846A20EA3BEB00926042 /* LoginViewController.swift in Sources */ = {isa = PBXBuildFile; fileRef = FAF5846620EA352200926042 /* LoginViewController.swift */; };
/* End PBXBuildFile section */

/* Begin PBXContainerItemProxy section */
		FAF5844820EA30DC00926042 /* PBXContainerItemProxy */ = {
			isa = PBXContainerItemProxy;
			containerPortal = FAF5842B20EA30DC00926042 /* Project object */;
			proxyType = 1;
			remoteGlobalIDString = FAF5843220EA30DC00926042;
			remoteInfo = "twitter api";
		};
		FAF5845320EA30DC00926042 /* PBXContainerItemProxy */ = {
			isa = PBXContainerItemProxy;
			containerPortal = FAF5842B20EA30DC00926042 /* Project object */;
			proxyType = 1;
			remoteGlobalIDString = FAF5843220EA30DC00926042;
			remoteInfo = "twitter api";
		};
/* End PBXContainerItemProxy section */

/* Begin PBXFileReference section */
		498B766437FFEED28D293978 /* Pods_twitter_api.framework */ = {isa = PBXFileReference; explicitFileType = wrapper.framework; includeInIndex = 0; path = Pods_twitter_api.framework; sourceTree = BUILT_PRODUCTS_DIR; };
		49914EA0DAB1B749C361BB6C /* Pods-twitter api.release.xcconfig */ = {isa = PBXFileReference; includeInIndex = 1; lastKnownFileType = text.xcconfig; name = "Pods-twitter api.release.xcconfig"; path = "Pods/Target Support Files/Pods-twitter api/Pods-twitter api.release.xcconfig"; sourceTree = "<group>"; };
		62B41C8BCC4C92002F87940C /* Pods_twitter_apiUITests.framework */ = {isa = PBXFileReference; explicitFileType = wrapper.framework; includeInIndex = 0; path = Pods_twitter_apiUITests.framework; sourceTree = BUILT_PRODUCTS_DIR; };
		8FFBB386358E69ECFDEB0C00 /* Pods-twitter apiUITests.release.xcconfig */ = {isa = PBXFileReference; includeInIndex = 1; lastKnownFileType = text.xcconfig; name = "Pods-twitter apiUITests.release.xcconfig"; path = "Pods/Target Support Files/Pods-twitter apiUITests/Pods-twitter apiUITests.release.xcconfig"; sourceTree = "<group>"; };
		AFBF5EAB73BD833FFC9D4F88 /* Pods-twitter apiTests.debug.xcconfig */ = {isa = PBXFileReference; includeInIndex = 1; lastKnownFileType = text.xcconfig; name = "Pods-twitter apiTests.debug.xcconfig"; path = "Pods/Target Support Files/Pods-twitter apiTests/Pods-twitter apiTests.debug.xcconfig"; sourceTree = "<group>"; };
		B03E2618589A343BE54D454F /* Pods-twitter apiUITests.debug.xcconfig */ = {isa = PBXFileReference; includeInIndex = 1; lastKnownFileType = text.xcconfig; name = "Pods-twitter apiUITests.debug.xcconfig"; path = "Pods/Target Support Files/Pods-twitter apiUITests/Pods-twitter apiUITests.debug.xcconfig"; sourceTree = "<group>"; };
		CE416C8BC0CCEF9FD47B4F38 /* Pods_twitter_apiTests.framework */ = {isa = PBXFileReference; explicitFileType = wrapper.framework; includeInIndex = 0; path = Pods_twitter_apiTests.framework; sourceTree = BUILT_PRODUCTS_DIR; };
		D678C81DD65D8D885EEC380A /* Pods-twitter apiTests.release.xcconfig */ = {isa = PBXFileReference; includeInIndex = 1; lastKnownFileType = text.xcconfig; name = "Pods-twitter apiTests.release.xcconfig"; path = "Pods/Target Support Files/Pods-twitter apiTests/Pods-twitter apiTests.release.xcconfig"; sourceTree = "<group>"; };
		FAF0C1CAF8301F4C3645B9A4 /* Pods-twitter api.debug.xcconfig */ = {isa = PBXFileReference; includeInIndex = 1; lastKnownFileType = text.xcconfig; name = "Pods-twitter api.debug.xcconfig"; path = "Pods/Target Support Files/Pods-twitter api/Pods-twitter api.debug.xcconfig"; sourceTree = "<group>"; };
		FAF4275920EA53C500190DB1 /* SafariServices.framework */ = {isa = PBXFileReference; lastKnownFileType = wrapper.framework; name = SafariServices.framework; path = System/Library/Frameworks/SafariServices.framework; sourceTree = SDKROOT; };
		FAF5843320EA30DC00926042 /* twitter api.app */ = {isa = PBXFileReference; explicitFileType = wrapper.application; includeInIndex = 0; path = "twitter api.app"; sourceTree = BUILT_PRODUCTS_DIR; };
		FAF5843620EA30DC00926042 /* AppDelegate.swift */ = {isa = PBXFileReference; lastKnownFileType = sourcecode.swift; path = AppDelegate.swift; sourceTree = "<group>"; };
		FAF5843B20EA30DC00926042 /* Base */ = {isa = PBXFileReference; lastKnownFileType = file.storyboard; name = Base; path = Base.lproj/Main.storyboard; sourceTree = "<group>"; };
		FAF5843D20EA30DC00926042 /* Assets.xcassets */ = {isa = PBXFileReference; lastKnownFileType = folder.assetcatalog; path = Assets.xcassets; sourceTree = "<group>"; };
		FAF5844020EA30DC00926042 /* Base */ = {isa = PBXFileReference; lastKnownFileType = file.storyboard; name = Base; path = Base.lproj/LaunchScreen.storyboard; sourceTree = "<group>"; };
		FAF5844220EA30DC00926042 /* Info.plist */ = {isa = PBXFileReference; lastKnownFileType = text.plist.xml; path = Info.plist; sourceTree = "<group>"; };
		FAF5844720EA30DC00926042 /* twitter apiTests.xctest */ = {isa = PBXFileReference; explicitFileType = wrapper.cfbundle; includeInIndex = 0; path = "twitter apiTests.xctest"; sourceTree = BUILT_PRODUCTS_DIR; };
		FAF5844B20EA30DC00926042 /* twitter_apiTests.swift */ = {isa = PBXFileReference; lastKnownFileType = sourcecode.swift; path = twitter_apiTests.swift; sourceTree = "<group>"; };
		FAF5844D20EA30DC00926042 /* Info.plist */ = {isa = PBXFileReference; lastKnownFileType = text.plist.xml; path = Info.plist; sourceTree = "<group>"; };
		FAF5845220EA30DC00926042 /* twitter apiUITests.xctest */ = {isa = PBXFileReference; explicitFileType = wrapper.cfbundle; includeInIndex = 0; path = "twitter apiUITests.xctest"; sourceTree = BUILT_PRODUCTS_DIR; };
		FAF5845620EA30DC00926042 /* twitter_apiUITests.swift */ = {isa = PBXFileReference; lastKnownFileType = sourcecode.swift; path = twitter_apiUITests.swift; sourceTree = "<group>"; };
		FAF5845820EA30DC00926042 /* Info.plist */ = {isa = PBXFileReference; lastKnownFileType = text.plist.xml; path = Info.plist; sourceTree = "<group>"; };
		FAF5846620EA352200926042 /* LoginViewController.swift */ = {isa = PBXFileReference; fileEncoding = 4; lastKnownFileType = sourcecode.swift; path = LoginViewController.swift; sourceTree = "<group>"; };
		FAF5846820EA35E700926042 /* MainLoginPresenter.swift */ = {isa = PBXFileReference; fileEncoding = 4; lastKnownFileType = sourcecode.swift; path = MainLoginPresenter.swift; sourceTree = "<group>"; };
/* End PBXFileReference section */

/* Begin PBXFrameworksBuildPhase section */
		FAF5843020EA30DC00926042 /* Frameworks */ = {
			isa = PBXFrameworksBuildPhase;
			buildActionMask = 2147483647;
			files = (
				FAF4275A20EA53C500190DB1 /* SafariServices.framework in Frameworks */,
				82BABDD45A007B951C31B817 /* Pods_twitter_api.framework in Frameworks */,
			);
			runOnlyForDeploymentPostprocessing = 0;
		};
		FAF5844420EA30DC00926042 /* Frameworks */ = {
			isa = PBXFrameworksBuildPhase;
			buildActionMask = 2147483647;
			files = (
				1830B3739C2F55DA8E388E1B /* Pods_twitter_apiTests.framework in Frameworks */,
			);
			runOnlyForDeploymentPostprocessing = 0;
		};
		FAF5844F20EA30DC00926042 /* Frameworks */ = {
			isa = PBXFrameworksBuildPhase;
			buildActionMask = 2147483647;
			files = (
				3DAF9556B2E53F58B216A501 /* Pods_twitter_apiUITests.framework in Frameworks */,
			);
			runOnlyForDeploymentPostprocessing = 0;
		};
/* End PBXFrameworksBuildPhase section */

/* Begin PBXGroup section */
		565698C8655E914A612FA512 /* Frameworks */ = {
			isa = PBXGroup;
			children = (
				FAF4275920EA53C500190DB1 /* SafariServices.framework */,
				498B766437FFEED28D293978 /* Pods_twitter_api.framework */,
				CE416C8BC0CCEF9FD47B4F38 /* Pods_twitter_apiTests.framework */,
				62B41C8BCC4C92002F87940C /* Pods_twitter_apiUITests.framework */,
			);
			name = Frameworks;
			sourceTree = "<group>";
		};
		9576C55E3C46828F4C1C485F /* Pods */ = {
			isa = PBXGroup;
			children = (
				FAF0C1CAF8301F4C3645B9A4 /* Pods-twitter api.debug.xcconfig */,
				49914EA0DAB1B749C361BB6C /* Pods-twitter api.release.xcconfig */,
				AFBF5EAB73BD833FFC9D4F88 /* Pods-twitter apiTests.debug.xcconfig */,
				D678C81DD65D8D885EEC380A /* Pods-twitter apiTests.release.xcconfig */,
				B03E2618589A343BE54D454F /* Pods-twitter apiUITests.debug.xcconfig */,
				8FFBB386358E69ECFDEB0C00 /* Pods-twitter apiUITests.release.xcconfig */,
			);
			name = Pods;
			sourceTree = "<group>";
		};
		FAF5842A20EA30DC00926042 = {
			isa = PBXGroup;
			children = (
				FAF5843520EA30DC00926042 /* twitter api */,
				FAF5844A20EA30DC00926042 /* twitter apiTests */,
				FAF5845520EA30DC00926042 /* twitter apiUITests */,
				FAF5843420EA30DC00926042 /* Products */,
				9576C55E3C46828F4C1C485F /* Pods */,
				565698C8655E914A612FA512 /* Frameworks */,
			);
			sourceTree = "<group>";
		};
		FAF5843420EA30DC00926042 /* Products */ = {
			isa = PBXGroup;
			children = (
				FAF5843320EA30DC00926042 /* twitter api.app */,
				FAF5844720EA30DC00926042 /* twitter apiTests.xctest */,
				FAF5845220EA30DC00926042 /* twitter apiUITests.xctest */,
			);
			name = Products;
			sourceTree = "<group>";
		};
		FAF5843520EA30DC00926042 /* twitter api */ = {
			isa = PBXGroup;
			children = (
				FAF5843620EA30DC00926042 /* AppDelegate.swift */,
				FAF5843A20EA30DC00926042 /* Main.storyboard */,
				FAF5843D20EA30DC00926042 /* Assets.xcassets */,
				FAF5843F20EA30DC00926042 /* LaunchScreen.storyboard */,
				FAF5844220EA30DC00926042 /* Info.plist */,
				FAF5846620EA352200926042 /* LoginViewController.swift */,
				FAF5846820EA35E700926042 /* MainLoginPresenter.swift */,
			);
			path = "twitter api";
			sourceTree = "<group>";
		};
		FAF5844A20EA30DC00926042 /* twitter apiTests */ = {
			isa = PBXGroup;
			children = (
				FAF5844B20EA30DC00926042 /* twitter_apiTests.swift */,
				FAF5844D20EA30DC00926042 /* Info.plist */,
			);
			path = "twitter apiTests";
			sourceTree = "<group>";
		};
		FAF5845520EA30DC00926042 /* twitter apiUITests */ = {
			isa = PBXGroup;
			children = (
				FAF5845620EA30DC00926042 /* twitter_apiUITests.swift */,
				FAF5845820EA30DC00926042 /* Info.plist */,
			);
			path = "twitter apiUITests";
			sourceTree = "<group>";
		};
/* End PBXGroup section */

/* Begin PBXNativeTarget section */
		FAF5843220EA30DC00926042 /* twitter api */ = {
			isa = PBXNativeTarget;
			buildConfigurationList = FAF5845B20EA30DC00926042 /* Build configuration list for PBXNativeTarget "twitter api" */;
			buildPhases = (
				F9557BA57E70B1799BC75B5A /* [CP] Check Pods Manifest.lock */,
				FAF5842F20EA30DC00926042 /* Sources */,
				FAF5843020EA30DC00926042 /* Frameworks */,
				FAF5843120EA30DC00926042 /* Resources */,
				B9E0512A77888162860D7ADC /* [CP] Embed Pods Frameworks */,
				2C2D90AC434035CB7C65ABA3 /* [CP] Copy Pods Resources */,
			);
			buildRules = (
			);
			dependencies = (
			);
			name = "twitter api";
			productName = "twitter api";
			productReference = FAF5843320EA30DC00926042 /* twitter api.app */;
			productType = "com.apple.product-type.application";
		};
		FAF5844620EA30DC00926042 /* twitter apiTests */ = {
			isa = PBXNativeTarget;
			buildConfigurationList = FAF5845E20EA30DC00926042 /* Build configuration list for PBXNativeTarget "twitter apiTests" */;
			buildPhases = (
				F7DE85ABAA7CE5AB77BC32EC /* [CP] Check Pods Manifest.lock */,
				FAF5844320EA30DC00926042 /* Sources */,
				FAF5844420EA30DC00926042 /* Frameworks */,
				FAF5844520EA30DC00926042 /* Resources */,
			);
			buildRules = (
			);
			dependencies = (
				FAF5844920EA30DC00926042 /* PBXTargetDependency */,
			);
			name = "twitter apiTests";
			productName = "twitter apiTests";
			productReference = FAF5844720EA30DC00926042 /* twitter apiTests.xctest */;
			productType = "com.apple.product-type.bundle.unit-test";
		};
		FAF5845120EA30DC00926042 /* twitter apiUITests */ = {
			isa = PBXNativeTarget;
			buildConfigurationList = FAF5846120EA30DC00926042 /* Build configuration list for PBXNativeTarget "twitter apiUITests" */;
			buildPhases = (
				327F4EE16F7F91DEB01D0719 /* [CP] Check Pods Manifest.lock */,
				FAF5844E20EA30DC00926042 /* Sources */,
				FAF5844F20EA30DC00926042 /* Frameworks */,
				FAF5845020EA30DC00926042 /* Resources */,
			);
			buildRules = (
			);
			dependencies = (
				FAF5845420EA30DC00926042 /* PBXTargetDependency */,
			);
			name = "twitter apiUITests";
			productName = "twitter apiUITests";
			productReference = FAF5845220EA30DC00926042 /* twitter apiUITests.xctest */;
			productType = "com.apple.product-type.bundle.ui-testing";
		};
/* End PBXNativeTarget section */

/* Begin PBXProject section */
		FAF5842B20EA30DC00926042 /* Project object */ = {
			isa = PBXProject;
			attributes = {
				LastSwiftUpdateCheck = 0820;
				LastUpgradeCheck = 0820;
				ORGANIZATIONNAME = Macbook;
				TargetAttributes = {
					FAF5843220EA30DC00926042 = {
						CreatedOnToolsVersion = 8.2.1;
						DevelopmentTeam = ZTKDN6CBZT;
						ProvisioningStyle = Automatic;
					};
					FAF5844620EA30DC00926042 = {
						CreatedOnToolsVersion = 8.2.1;
						DevelopmentTeam = 8MM5US5MQC;
						ProvisioningStyle = Automatic;
						TestTargetID = FAF5843220EA30DC00926042;
					};
					FAF5845120EA30DC00926042 = {
						CreatedOnToolsVersion = 8.2.1;
						DevelopmentTeam = 8MM5US5MQC;
						ProvisioningStyle = Automatic;
						TestTargetID = FAF5843220EA30DC00926042;
					};
				};
			};
			buildConfigurationList = FAF5842E20EA30DC00926042 /* Build configuration list for PBXProject "twitter api" */;
			compatibilityVersion = "Xcode 3.2";
			developmentRegion = English;
			hasScannedForEncodings = 0;
			knownRegions = (
				en,
				Base,
			);
			mainGroup = FAF5842A20EA30DC00926042;
			productRefGroup = FAF5843420EA30DC00926042 /* Products */;
			projectDirPath = "";
			projectRoot = "";
			targets = (
				FAF5843220EA30DC00926042 /* twitter api */,
				FAF5844620EA30DC00926042 /* twitter apiTests */,
				FAF5845120EA30DC00926042 /* twitter apiUITests */,
			);
		};
/* End PBXProject section */

/* Begin PBXResourcesBuildPhase section */
		FAF5843120EA30DC00926042 /* Resources */ = {
			isa = PBXResourcesBuildPhase;
			buildActionMask = 2147483647;
			files = (
				FAF5844120EA30DC00926042 /* LaunchScreen.storyboard in Resources */,
				FAF5843E20EA30DC00926042 /* Assets.xcassets in Resources */,
				FAF5843C20EA30DC00926042 /* Main.storyboard in Resources */,
			);
			runOnlyForDeploymentPostprocessing = 0;
		};
		FAF5844520EA30DC00926042 /* Resources */ = {
			isa = PBXResourcesBuildPhase;
			buildActionMask = 2147483647;
			files = (
			);
			runOnlyForDeploymentPostprocessing = 0;
		};
		FAF5845020EA30DC00926042 /* Resources */ = {
			isa = PBXResourcesBuildPhase;
			buildActionMask = 2147483647;
			files = (
			);
			runOnlyForDeploymentPostprocessing = 0;
		};
/* End PBXResourcesBuildPhase section */

/* Begin PBXShellScriptBuildPhase section */
		2C2D90AC434035CB7C65ABA3 /* [CP] Copy Pods Resources */ = {
			isa = PBXShellScriptBuildPhase;
			buildActionMask = 2147483647;
			files = (
			);
			inputPaths = (
				"${SRCROOT}/Pods/Target Support Files/Pods-twitter api/Pods-twitter api-resources.sh",
				"${PODS_ROOT}/TwitterKit/iOS/TwitterKit.framework/TwitterKitResources.bundle",
				"${PODS_ROOT}/TwitterKit/iOS/TwitterKit.framework/TwitterShareExtensionUIResources.bundle",
			);
			name = "[CP] Copy Pods Resources";
			outputPaths = (
				"${TARGET_BUILD_DIR}/${UNLOCALIZED_RESOURCES_FOLDER_PATH}/TwitterKitResources.bundle",
				"${TARGET_BUILD_DIR}/${UNLOCALIZED_RESOURCES_FOLDER_PATH}/TwitterShareExtensionUIResources.bundle",
			);
			runOnlyForDeploymentPostprocessing = 0;
			shellPath = /bin/sh;
			shellScript = "\"${SRCROOT}/Pods/Target Support Files/Pods-twitter api/Pods-twitter api-resources.sh\"\n";
			showEnvVarsInLog = 0;
		};
		327F4EE16F7F91DEB01D0719 /* [CP] Check Pods Manifest.lock */ = {
			isa = PBXShellScriptBuildPhase;
			buildActionMask = 2147483647;
			files = (
			);
			inputPaths = (
				"${PODS_PODFILE_DIR_PATH}/Podfile.lock",
				"${PODS_ROOT}/Manifest.lock",
			);
			name = "[CP] Check Pods Manifest.lock";
			outputPaths = (
				"$(DERIVED_FILE_DIR)/Pods-twitter apiUITests-checkManifestLockResult.txt",
			);
			runOnlyForDeploymentPostprocessing = 0;
			shellPath = /bin/sh;
			shellScript = "diff \"${PODS_PODFILE_DIR_PATH}/Podfile.lock\" \"${PODS_ROOT}/Manifest.lock\" > /dev/null\nif [ $? != 0 ] ; then\n    # print error to STDERR\n    echo \"error: The sandbox is not in sync with the Podfile.lock. Run 'pod install' or update your CocoaPods installation.\" >&2\n    exit 1\nfi\n# This output is used by Xcode 'outputs' to avoid re-running this script phase.\necho \"SUCCESS\" > \"${SCRIPT_OUTPUT_FILE_0}\"\n";
			showEnvVarsInLog = 0;
		};
		B9E0512A77888162860D7ADC /* [CP] Embed Pods Frameworks */ = {
			isa = PBXShellScriptBuildPhase;
			buildActionMask = 2147483647;
			files = (
			);
			inputPaths = (
				"${SRCROOT}/Pods/Target Support Files/Pods-twitter api/Pods-twitter api-frameworks.sh",
				"${PODS_ROOT}/TwitterCore/iOS/TwitterCore.framework",
				"${PODS_ROOT}/TwitterKit/iOS/TwitterKit.framework",
			);
			name = "[CP] Embed Pods Frameworks";
			outputPaths = (
				"${TARGET_BUILD_DIR}/${FRAMEWORKS_FOLDER_PATH}/TwitterCore.framework",
				"${TARGET_BUILD_DIR}/${FRAMEWORKS_FOLDER_PATH}/TwitterKit.framework",
			);
			runOnlyForDeploymentPostprocessing = 0;
			shellPath = /bin/sh;
			shellScript = "\"${SRCROOT}/Pods/Target Support Files/Pods-twitter api/Pods-twitter api-frameworks.sh\"\n";
			showEnvVarsInLog = 0;
		};
		F7DE85ABAA7CE5AB77BC32EC /* [CP] Check Pods Manifest.lock */ = {
			isa = PBXShellScriptBuildPhase;
			buildActionMask = 2147483647;
			files = (
			);
			inputPaths = (
				"${PODS_PODFILE_DIR_PATH}/Podfile.lock",
				"${PODS_ROOT}/Manifest.lock",
			);
			name = "[CP] Check Pods Manifest.lock";
			outputPaths = (
				"$(DERIVED_FILE_DIR)/Pods-twitter apiTests-checkManifestLockResult.txt",
			);
			runOnlyForDeploymentPostprocessing = 0;
			shellPath = /bin/sh;
			shellScript = "diff \"${PODS_PODFILE_DIR_PATH}/Podfile.lock\" \"${PODS_ROOT}/Manifest.lock\" > /dev/null\nif [ $? != 0 ] ; then\n    # print error to STDERR\n    echo \"error: The sandbox is not in sync with the Podfile.lock. Run 'pod install' or update your CocoaPods installation.\" >&2\n    exit 1\nfi\n# This output is used by Xcode 'outputs' to avoid re-running this script phase.\necho \"SUCCESS\" > \"${SCRIPT_OUTPUT_FILE_0}\"\n";
			showEnvVarsInLog = 0;
		};
		F9557BA57E70B1799BC75B5A /* [CP] Check Pods Manifest.lock */ = {
			isa = PBXShellScriptBuildPhase;
			buildActionMask = 2147483647;
			files = (
			);
			inputPaths = (
				"${PODS_PODFILE_DIR_PATH}/Podfile.lock",
				"${PODS_ROOT}/Manifest.lock",
			);
			name = "[CP] Check Pods Manifest.lock";
			outputPaths = (
				"$(DERIVED_FILE_DIR)/Pods-twitter api-checkManifestLockResult.txt",
			);
			runOnlyForDeploymentPostprocessing = 0;
			shellPath = /bin/sh;
			shellScript = "diff \"${PODS_PODFILE_DIR_PATH}/Podfile.lock\" \"${PODS_ROOT}/Manifest.lock\" > /dev/null\nif [ $? != 0 ] ; then\n    # print error to STDERR\n    echo \"error: The sandbox is not in sync with the Podfile.lock. Run 'pod install' or update your CocoaPods installation.\" >&2\n    exit 1\nfi\n# This output is used by Xcode 'outputs' to avoid re-running this script phase.\necho \"SUCCESS\" > \"${SCRIPT_OUTPUT_FILE_0}\"\n";
			showEnvVarsInLog = 0;
		};
/* End PBXShellScriptBuildPhase section */

/* Begin PBXSourcesBuildPhase section */
		FAF5842F20EA30DC00926042 /* Sources */ = {
			isa = PBXSourcesBuildPhase;
			buildActionMask = 2147483647;
			files = (
				FAF5846A20EA3BEB00926042 /* LoginViewController.swift in Sources */,
				FAF5843720EA30DC00926042 /* AppDelegate.swift in Sources */,
				FAF5846920EA35E700926042 /* MainLoginPresenter.swift in Sources */,
			);
			runOnlyForDeploymentPostprocessing = 0;
		};
		FAF5844320EA30DC00926042 /* Sources */ = {
			isa = PBXSourcesBuildPhase;
			buildActionMask = 2147483647;
			files = (
				FAF5844C20EA30DC00926042 /* twitter_apiTests.swift in Sources */,
			);
			runOnlyForDeploymentPostprocessing = 0;
		};
		FAF5844E20EA30DC00926042 /* Sources */ = {
			isa = PBXSourcesBuildPhase;
			buildActionMask = 2147483647;
			files = (
				FAF5845720EA30DC00926042 /* twitter_apiUITests.swift in Sources */,
			);
			runOnlyForDeploymentPostprocessing = 0;
		};
/* End PBXSourcesBuildPhase section */

/* Begin PBXTargetDependency section */
		FAF5844920EA30DC00926042 /* PBXTargetDependency */ = {
			isa = PBXTargetDependency;
			target = FAF5843220EA30DC00926042 /* twitter api */;
			targetProxy = FAF5844820EA30DC00926042 /* PBXContainerItemProxy */;
		};
		FAF5845420EA30DC00926042 /* PBXTargetDependency */ = {
			isa = PBXTargetDependency;
			target = FAF5843220EA30DC00926042 /* twitter api */;
			targetProxy = FAF5845320EA30DC00926042 /* PBXContainerItemProxy */;
		};
/* End PBXTargetDependency section */

/* Begin PBXVariantGroup section */
		FAF5843A20EA30DC00926042 /* Main.storyboard */ = {
			isa = PBXVariantGroup;
			children = (
				FAF5843B20EA30DC00926042 /* Base */,
			);
			name = Main.storyboard;
			sourceTree = "<group>";
		};
		FAF5843F20EA30DC00926042 /* LaunchScreen.storyboard */ = {
			isa = PBXVariantGroup;
			children = (
				FAF5844020EA30DC00926042 /* Base */,
			);
			name = LaunchScreen.storyboard;
			sourceTree = "<group>";
		};
/* End PBXVariantGroup section */

/* Begin XCBuildConfiguration section */
		FAF5845920EA30DC00926042 /* Debug */ = {
			isa = XCBuildConfiguration;
			buildSettings = {
				ALWAYS_SEARCH_USER_PATHS = NO;
				CLANG_ANALYZER_NONNULL = YES;
				CLANG_CXX_LANGUAGE_STANDARD = "gnu++0x";
				CLANG_CXX_LIBRARY = "libc++";
				CLANG_ENABLE_MODULES = YES;
				CLANG_ENABLE_OBJC_ARC = YES;
				CLANG_WARN_BOOL_CONVERSION = YES;
				CLANG_WARN_CONSTANT_CONVERSION = YES;
				CLANG_WARN_DIRECT_OBJC_ISA_USAGE = YES_ERROR;
				CLANG_WARN_DOCUMENTATION_COMMENTS = YES;
				CLANG_WARN_EMPTY_BODY = YES;
				CLANG_WARN_ENUM_CONVERSION = YES;
				CLANG_WARN_INFINITE_RECURSION = YES;
				CLANG_WARN_INT_CONVERSION = YES;
				CLANG_WARN_OBJC_ROOT_CLASS = YES_ERROR;
				CLANG_WARN_SUSPICIOUS_MOVE = YES;
				CLANG_WARN_UNREACHABLE_CODE = YES;
				CLANG_WARN__DUPLICATE_METHOD_MATCH = YES;
				"CODE_SIGN_IDENTITY[sdk=iphoneos*]" = "iPhone Developer";
				COPY_PHASE_STRIP = NO;
				DEBUG_INFORMATION_FORMAT = dwarf;
				ENABLE_STRICT_OBJC_MSGSEND = YES;
				ENABLE_TESTABILITY = YES;
				GCC_C_LANGUAGE_STANDARD = gnu99;
				GCC_DYNAMIC_NO_PIC = NO;
				GCC_NO_COMMON_BLOCKS = YES;
				GCC_OPTIMIZATION_LEVEL = 0;
				GCC_PREPROCESSOR_DEFINITIONS = (
					"DEBUG=1",
					"$(inherited)",
				);
				GCC_WARN_64_TO_32_BIT_CONVERSION = YES;
				GCC_WARN_ABOUT_RETURN_TYPE = YES_ERROR;
				GCC_WARN_UNDECLARED_SELECTOR = YES;
				GCC_WARN_UNINITIALIZED_AUTOS = YES_AGGRESSIVE;
				GCC_WARN_UNUSED_FUNCTION = YES;
				GCC_WARN_UNUSED_VARIABLE = YES;
				IPHONEOS_DEPLOYMENT_TARGET = 10.2;
				MTL_ENABLE_DEBUG_INFO = YES;
				ONLY_ACTIVE_ARCH = YES;
				SDKROOT = iphoneos;
				SWIFT_ACTIVE_COMPILATION_CONDITIONS = DEBUG;
				SWIFT_OPTIMIZATION_LEVEL = "-Onone";
				TARGETED_DEVICE_FAMILY = "1,2";
			};
			name = Debug;
		};
		FAF5845A20EA30DC00926042 /* Release */ = {
			isa = XCBuildConfiguration;
			buildSettings = {
				ALWAYS_SEARCH_USER_PATHS = NO;
				CLANG_ANALYZER_NONNULL = YES;
				CLANG_CXX_LANGUAGE_STANDARD = "gnu++0x";
				CLANG_CXX_LIBRARY = "libc++";
				CLANG_ENABLE_MODULES = YES;
				CLANG_ENABLE_OBJC_ARC = YES;
				CLANG_WARN_BOOL_CONVERSION = YES;
				CLANG_WARN_CONSTANT_CONVERSION = YES;
				CLANG_WARN_DIRECT_OBJC_ISA_USAGE = YES_ERROR;
				CLANG_WARN_DOCUMENTATION_COMMENTS = YES;
				CLANG_WARN_EMPTY_BODY = YES;
				CLANG_WARN_ENUM_CONVERSION = YES;
				CLANG_WARN_INFINITE_RECURSION = YES;
				CLANG_WARN_INT_CONVERSION = YES;
				CLANG_WARN_OBJC_ROOT_CLASS = YES_ERROR;
				CLANG_WARN_SUSPICIOUS_MOVE = YES;
				CLANG_WARN_UNREACHABLE_CODE = YES;
				CLANG_WARN__DUPLICATE_METHOD_MATCH = YES;
				"CODE_SIGN_IDENTITY[sdk=iphoneos*]" = "iPhone Developer";
				COPY_PHASE_STRIP = NO;
				DEBUG_INFORMATION_FORMAT = "dwarf-with-dsym";
				ENABLE_NS_ASSERTIONS = NO;
				ENABLE_STRICT_OBJC_MSGSEND = YES;
				GCC_C_LANGUAGE_STANDARD = gnu99;
				GCC_NO_COMMON_BLOCKS = YES;
				GCC_WARN_64_TO_32_BIT_CONVERSION = YES;
				GCC_WARN_ABOUT_RETURN_TYPE = YES_ERROR;
				GCC_WARN_UNDECLARED_SELECTOR = YES;
				GCC_WARN_UNINITIALIZED_AUTOS = YES_AGGRESSIVE;
				GCC_WARN_UNUSED_FUNCTION = YES;
				GCC_WARN_UNUSED_VARIABLE = YES;
				IPHONEOS_DEPLOYMENT_TARGET = 10.2;
				MTL_ENABLE_DEBUG_INFO = NO;
				SDKROOT = iphoneos;
				SWIFT_OPTIMIZATION_LEVEL = "-Owholemodule";
				TARGETED_DEVICE_FAMILY = "1,2";
				VALIDATE_PRODUCT = YES;
			};
			name = Release;
		};
		FAF5845C20EA30DC00926042 /* Debug */ = {
			isa = XCBuildConfiguration;
			baseConfigurationReference = FAF0C1CAF8301F4C3645B9A4 /* Pods-twitter api.debug.xcconfig */;
			buildSettings = {
				ASSETCATALOG_COMPILER_APPICON_NAME = AppIcon;
				DEVELOPMENT_TEAM = ZTKDN6CBZT;
				INFOPLIST_FILE = "twitter api/Info.plist";
				IPHONEOS_DEPLOYMENT_TARGET = 11.0;
				LD_RUNPATH_SEARCH_PATHS = "$(inherited) @executable_path/Frameworks";
				PRODUCT_BUNDLE_IDENTIFIER = "intdev.twitter-api";
				PRODUCT_NAME = "$(TARGET_NAME)";
				SWIFT_VERSION = 3.0;
			};
			name = Debug;
		};
		FAF5845D20EA30DC00926042 /* Release */ = {
			isa = XCBuildConfiguration;
			baseConfigurationReference = 49914EA0DAB1B749C361BB6C /* Pods-twitter api.release.xcconfig */;
			buildSettings = {
				ASSETCATALOG_COMPILER_APPICON_NAME = AppIcon;
				DEVELOPMENT_TEAM = ZTKDN6CBZT;
				INFOPLIST_FILE = "twitter api/Info.plist";
				IPHONEOS_DEPLOYMENT_TARGET = 11.0;
				LD_RUNPATH_SEARCH_PATHS = "$(inherited) @executable_path/Frameworks";
				PRODUCT_BUNDLE_IDENTIFIER = "intdev.twitter-api";
				PRODUCT_NAME = "$(TARGET_NAME)";
				SWIFT_VERSION = 3.0;
			};
			name = Release;
		};
		FAF5845F20EA30DC00926042 /* Debug */ = {
			isa = XCBuildConfiguration;
			baseConfigurationReference = AFBF5EAB73BD833FFC9D4F88 /* Pods-twitter apiTests.debug.xcconfig */;
			buildSettings = {
				ALWAYS_EMBED_SWIFT_STANDARD_LIBRARIES = YES;
				BUNDLE_LOADER = "$(TEST_HOST)";
				DEVELOPMENT_TEAM = 8MM5US5MQC;
				INFOPLIST_FILE = "twitter apiTests/Info.plist";
				LD_RUNPATH_SEARCH_PATHS = "$(inherited) @executable_path/Frameworks @loader_path/Frameworks";
				PRODUCT_BUNDLE_IDENTIFIER = "intdev.twitter-apiTests";
				PRODUCT_NAME = "$(TARGET_NAME)";
				SWIFT_VERSION = 3.0;
				TEST_HOST = "$(BUILT_PRODUCTS_DIR)/twitter api.app/twitter api";
			};
			name = Debug;
		};
		FAF5846020EA30DC00926042 /* Release */ = {
			isa = XCBuildConfiguration;
			baseConfigurationReference = D678C81DD65D8D885EEC380A /* Pods-twitter apiTests.release.xcconfig */;
			buildSettings = {
				ALWAYS_EMBED_SWIFT_STANDARD_LIBRARIES = YES;
				BUNDLE_LOADER = "$(TEST_HOST)";
				DEVELOPMENT_TEAM = 8MM5US5MQC;
				INFOPLIST_FILE = "twitter apiTests/Info.plist";
				LD_RUNPATH_SEARCH_PATHS = "$(inherited) @executable_path/Frameworks @loader_path/Frameworks";
				PRODUCT_BUNDLE_IDENTIFIER = "intdev.twitter-apiTests";
				PRODUCT_NAME = "$(TARGET_NAME)";
				SWIFT_VERSION = 3.0;
				TEST_HOST = "$(BUILT_PRODUCTS_DIR)/twitter api.app/twitter api";
			};
			name = Release;
		};
		FAF5846220EA30DC00926042 /* Debug */ = {
			isa = XCBuildConfiguration;
			baseConfigurationReference = B03E2618589A343BE54D454F /* Pods-twitter apiUITests.debug.xcconfig */;
			buildSettings = {
				ALWAYS_EMBED_SWIFT_STANDARD_LIBRARIES = YES;
				DEVELOPMENT_TEAM = 8MM5US5MQC;
				INFOPLIST_FILE = "twitter apiUITests/Info.plist";
				LD_RUNPATH_SEARCH_PATHS = "$(inherited) @executable_path/Frameworks @loader_path/Frameworks";
				PRODUCT_BUNDLE_IDENTIFIER = "intdev.twitter-apiUITests";
				PRODUCT_NAME = "$(TARGET_NAME)";
				SWIFT_VERSION = 3.0;
				TEST_TARGET_NAME = "twitter api";
			};
			name = Debug;
		};
		FAF5846320EA30DC00926042 /* Release */ = {
			isa = XCBuildConfiguration;
			baseConfigurationReference = 8FFBB386358E69ECFDEB0C00 /* Pods-twitter apiUITests.release.xcconfig */;
			buildSettings = {
				ALWAYS_EMBED_SWIFT_STANDARD_LIBRARIES = YES;
				DEVELOPMENT_TEAM = 8MM5US5MQC;
				INFOPLIST_FILE = "twitter apiUITests/Info.plist";
				LD_RUNPATH_SEARCH_PATHS = "$(inherited) @executable_path/Frameworks @loader_path/Frameworks";
				PRODUCT_BUNDLE_IDENTIFIER = "intdev.twitter-apiUITests";
				PRODUCT_NAME = "$(TARGET_NAME)";
				SWIFT_VERSION = 3.0;
				TEST_TARGET_NAME = "twitter api";
			};
			name = Release;
		};
/* End XCBuildConfiguration section */

/* Begin XCConfigurationList section */
		FAF5842E20EA30DC00926042 /* Build configuration list for PBXProject "twitter api" */ = {
			isa = XCConfigurationList;
			buildConfigurations = (
				FAF5845920EA30DC00926042 /* Debug */,
				FAF5845A20EA30DC00926042 /* Release */,
			);
			defaultConfigurationIsVisible = 0;
			defaultConfigurationName = Release;
		};
		FAF5845B20EA30DC00926042 /* Build configuration list for PBXNativeTarget "twitter api" */ = {
			isa = XCConfigurationList;
			buildConfigurations = (
				FAF5845C20EA30DC00926042 /* Debug */,
				FAF5845D20EA30DC00926042 /* Release */,
			);
			defaultConfigurationIsVisible = 0;
			defaultConfigurationName = Release;
		};
		FAF5845E20EA30DC00926042 /* Build configuration list for PBXNativeTarget "twitter apiTests" */ = {
			isa = XCConfigurationList;
			buildConfigurations = (
				FAF5845F20EA30DC00926042 /* Debug */,
				FAF5846020EA30DC00926042 /* Release */,
			);
			defaultConfigurationIsVisible = 0;
			defaultConfigurationName = Release;
		};
		FAF5846120EA30DC00926042 /* Build configuration list for PBXNativeTarget "twitter apiUITests" */ = {
			isa = XCConfigurationList;
			buildConfigurations = (
				FAF5846220EA30DC00926042 /* Debug */,
				FAF5846320EA30DC00926042 /* Release */,
			);
			defaultConfigurationIsVisible = 0;
			defaultConfigurationName = Release;
		};
/* End XCConfigurationList section */
	};
	rootObject = FAF5842B20EA30DC00926042 /* Project object */;
}
